// !$*UTF8*$!
{
	archiveVersion = 1;
	classes = {
	};
	objectVersion = 56;
	objects = {

/* Begin PBXBuildFile section */
		145AD6E42A6A0B0D00A6DB3D /* WordViewController.swift in Sources */ = {isa = PBXBuildFile; fileRef = 145AD6E32A6A0B0D00A6DB3D /* WordViewController.swift */; };
		145AD6E92A6A0F1F00A6DB3D /* AutoLayoutPractice.storyboard in Resources */ = {isa = PBXBuildFile; fileRef = 145AD6E82A6A0F1F00A6DB3D /* AutoLayoutPractice.storyboard */; };
		145AD6EB2A6A10DE00A6DB3D /* AutoLayoutExample.storyboard in Resources */ = {isa = PBXBuildFile; fileRef = 145AD6EA2A6A10DE00A6DB3D /* AutoLayoutExample.storyboard */; };
		145AD6ED2A6A4B1800A6DB3D /* NewWordViewController.swift in Sources */ = {isa = PBXBuildFile; fileRef = 145AD6EC2A6A4B1800A6DB3D /* NewWordViewController.swift */; };
		145AD6EF2A6A8B2500A6DB3D /* UITextField+.swift in Sources */ = {isa = PBXBuildFile; fileRef = 145AD6EE2A6A8B2500A6DB3D /* UITextField+.swift */; };
		148621F52A6FB0B000926CCC /* NewlyCoinedWordsEnum.swift in Sources */ = {isa = PBXBuildFile; fileRef = 148621F42A6FB0B000926CCC /* NewlyCoinedWordsEnum.swift */; };
		14977E3E2A68DAC30013258A /* AppDelegate.swift in Sources */ = {isa = PBXBuildFile; fileRef = 14977E3D2A68DAC30013258A /* AppDelegate.swift */; };
		14977E402A68DAC30013258A /* SceneDelegate.swift in Sources */ = {isa = PBXBuildFile; fileRef = 14977E3F2A68DAC30013258A /* SceneDelegate.swift */; };
		14977E422A68DAC30013258A /* DateViewController.swift in Sources */ = {isa = PBXBuildFile; fileRef = 14977E412A68DAC30013258A /* DateViewController.swift */; };
		14977E452A68DAC30013258A /* Main.storyboard in Resources */ = {isa = PBXBuildFile; fileRef = 14977E432A68DAC30013258A /* Main.storyboard */; };
		14977E472A68DAC50013258A /* Assets.xcassets in Resources */ = {isa = PBXBuildFile; fileRef = 14977E462A68DAC50013258A /* Assets.xcassets */; };
		14977E4A2A68DAC50013258A /* LaunchScreen.storyboard in Resources */ = {isa = PBXBuildFile; fileRef = 14977E482A68DAC50013258A /* LaunchScreen.storyboard */; };
/* End PBXBuildFile section */

/* Begin PBXFileReference section */
		145AD6E32A6A0B0D00A6DB3D /* WordViewController.swift */ = {isa = PBXFileReference; lastKnownFileType = sourcecode.swift; path = WordViewController.swift; sourceTree = "<group>"; };
		145AD6E82A6A0F1F00A6DB3D /* AutoLayoutPractice.storyboard */ = {isa = PBXFileReference; lastKnownFileType = file.storyboard; name = AutoLayoutPractice.storyboard; path = NewlyCoinedWord/AutoLayoutPractice.storyboard; sourceTree = SOURCE_ROOT; };
		145AD6EA2A6A10DE00A6DB3D /* AutoLayoutExample.storyboard */ = {isa = PBXFileReference; lastKnownFileType = file.storyboard; path = AutoLayoutExample.storyboard; sourceTree = "<group>"; };
		145AD6EC2A6A4B1800A6DB3D /* NewWordViewController.swift */ = {isa = PBXFileReference; lastKnownFileType = sourcecode.swift; path = NewWordViewController.swift; sourceTree = "<group>"; };
		145AD6EE2A6A8B2500A6DB3D /* UITextField+.swift */ = {isa = PBXFileReference; lastKnownFileType = sourcecode.swift; path = "UITextField+.swift"; sourceTree = "<group>"; };
		148621F42A6FB0B000926CCC /* NewlyCoinedWordsEnum.swift */ = {isa = PBXFileReference; lastKnownFileType = sourcecode.swift; path = NewlyCoinedWordsEnum.swift; sourceTree = "<group>"; };
		14977E3A2A68DAC30013258A /* NewlyCoinedWord.app */ = {isa = PBXFileReference; explicitFileType = wrapper.application; includeInIndex = 0; path = NewlyCoinedWord.app; sourceTree = BUILT_PRODUCTS_DIR; };
		14977E3D2A68DAC30013258A /* AppDelegate.swift */ = {isa = PBXFileReference; lastKnownFileType = sourcecode.swift; path = AppDelegate.swift; sourceTree = "<group>"; };
		14977E3F2A68DAC30013258A /* SceneDelegate.swift */ = {isa = PBXFileReference; lastKnownFileType = sourcecode.swift; path = SceneDelegate.swift; sourceTree = "<group>"; };
		14977E412A68DAC30013258A /* DateViewController.swift */ = {isa = PBXFileReference; lastKnownFileType = sourcecode.swift; path = DateViewController.swift; sourceTree = "<group>"; };
		14977E442A68DAC30013258A /* Base */ = {isa = PBXFileReference; lastKnownFileType = file.storyboard; name = Base; path = Base.lproj/Main.storyboard; sourceTree = "<group>"; };
		14977E462A68DAC50013258A /* Assets.xcassets */ = {isa = PBXFileReference; lastKnownFileType = folder.assetcatalog; path = Assets.xcassets; sourceTree = "<group>"; };
		14977E492A68DAC50013258A /* Base */ = {isa = PBXFileReference; lastKnownFileType = file.storyboard; name = Base; path = Base.lproj/LaunchScreen.storyboard; sourceTree = "<group>"; };
		14977E4B2A68DAC50013258A /* Info.plist */ = {isa = PBXFileReference; lastKnownFileType = text.plist.xml; path = Info.plist; sourceTree = "<group>"; };
/* End PBXFileReference section */

/* Begin PBXFrameworksBuildPhase section */
		14977E372A68DAC30013258A /* Frameworks */ = {
			isa = PBXFrameworksBuildPhase;
			buildActionMask = 2147483647;
			files = (
			);
			runOnlyForDeploymentPostprocessing = 0;
		};
/* End PBXFrameworksBuildPhase section */

/* Begin PBXGroup section */
		145AD6E52A6A0C3E00A6DB3D /* ExampleGroup */ = {
			isa = PBXGroup;
			children = (
				145AD6E32A6A0B0D00A6DB3D /* WordViewController.swift */,
				145AD6EC2A6A4B1800A6DB3D /* NewWordViewController.swift */,
				145AD6E82A6A0F1F00A6DB3D /* AutoLayoutPractice.storyboard */,
				145AD6EA2A6A10DE00A6DB3D /* AutoLayoutExample.storyboard */,
			);
			path = ExampleGroup;
			sourceTree = "<group>";
		};
		14977E312A68DAC30013258A = {
			isa = PBXGroup;
			children = (
				14977E3C2A68DAC30013258A /* NewlyCoinedWord */,
				14977E3B2A68DAC30013258A /* Products */,
			);
			sourceTree = "<group>";
		};
		14977E3B2A68DAC30013258A /* Products */ = {
			isa = PBXGroup;
			children = (
				14977E3A2A68DAC30013258A /* NewlyCoinedWord.app */,
			);
			name = Products;
			sourceTree = "<group>";
		};
		14977E3C2A68DAC30013258A /* NewlyCoinedWord */ = {
			isa = PBXGroup;
			children = (
				14977E3D2A68DAC30013258A /* AppDelegate.swift */,
				14977E3F2A68DAC30013258A /* SceneDelegate.swift */,
				145AD6EE2A6A8B2500A6DB3D /* UITextField+.swift */,
				145AD6E52A6A0C3E00A6DB3D /* ExampleGroup */,
				14977E412A68DAC30013258A /* DateViewController.swift */,
				148621F42A6FB0B000926CCC /* NewlyCoinedWordsEnum.swift */,
				14977E432A68DAC30013258A /* Main.storyboard */,
				14977E462A68DAC50013258A /* Assets.xcassets */,
				14977E482A68DAC50013258A /* LaunchScreen.storyboard */,
				14977E4B2A68DAC50013258A /* Info.plist */,
			);
			path = NewlyCoinedWord;
			sourceTree = "<group>";
		};
/* End PBXGroup section */

/* Begin PBXNativeTarget section */
		14977E392A68DAC30013258A /* NewlyCoinedWord */ = {
			isa = PBXNativeTarget;
			buildConfigurationList = 14977E4E2A68DAC50013258A /* Build configuration list for PBXNativeTarget "NewlyCoinedWord" */;
			buildPhases = (
				14977E362A68DAC30013258A /* Sources */,
				14977E372A68DAC30013258A /* Frameworks */,
				14977E382A68DAC30013258A /* Resources */,
			);
			buildRules = (
			);
			dependencies = (
			);
			name = NewlyCoinedWord;
			productName = NewlyCoinedWord;
			productReference = 14977E3A2A68DAC30013258A /* NewlyCoinedWord.app */;
			productType = "com.apple.product-type.application";
		};
/* End PBXNativeTarget section */

/* Begin PBXProject section */
		14977E322A68DAC30013258A /* Project object */ = {
			isa = PBXProject;
			attributes = {
				BuildIndependentTargetsInParallel = 1;
				LastSwiftUpdateCheck = 1430;
				LastUpgradeCheck = 1430;
				TargetAttributes = {
					14977E392A68DAC30013258A = {
						CreatedOnToolsVersion = 14.3.1;
					};
				};
			};
			buildConfigurationList = 14977E352A68DAC30013258A /* Build configuration list for PBXProject "NewlyCoinedWord" */;
			compatibilityVersion = "Xcode 14.0";
			developmentRegion = en;
			hasScannedForEncodings = 0;
			knownRegions = (
				en,
				Base,
			);
			mainGroup = 14977E312A68DAC30013258A;
			productRefGroup = 14977E3B2A68DAC30013258A /* Products */;
			projectDirPath = "";
			projectRoot = "";
			targets = (
				14977E392A68DAC30013258A /* NewlyCoinedWord */,
			);
		};
/* End PBXProject section */

/* Begin PBXResourcesBuildPhase section */
		14977E382A68DAC30013258A /* Resources */ = {
			isa = PBXResourcesBuildPhase;
			buildActionMask = 2147483647;
			files = (
				14977E4A2A68DAC50013258A /* LaunchScreen.storyboard in Resources */,
				14977E472A68DAC50013258A /* Assets.xcassets in Resources */,
				145AD6EB2A6A10DE00A6DB3D /* AutoLayoutExample.storyboard in Resources */,
				145AD6E92A6A0F1F00A6DB3D /* AutoLayoutPractice.storyboard in Resources */,
				14977E452A68DAC30013258A /* Main.storyboard in Resources */,
			);
			runOnlyForDeploymentPostprocessing = 0;
		};
/* End PBXResourcesBuildPhase section */

/* Begin PBXSourcesBuildPhase section */
		14977E362A68DAC30013258A /* Sources */ = {
			isa = PBXSourcesBuildPhase;
			buildActionMask = 2147483647;
			files = (
				148621F52A6FB0B000926CCC /* NewlyCoinedWordsEnum.swift in Sources */,
				14977E422A68DAC30013258A /* DateViewController.swift in Sources */,
				14977E3E2A68DAC30013258A /* AppDelegate.swift in Sources */,
				145AD6ED2A6A4B1800A6DB3D /* NewWordViewController.swift in Sources */,
				145AD6EF2A6A8B2500A6DB3D /* UITextField+.swift in Sources */,
				145AD6E42A6A0B0D00A6DB3D /* WordViewController.swift in Sources */,
				14977E402A68DAC30013258A /* SceneDelegate.swift in Sources */,
			);
			runOnlyForDeploymentPostprocessing = 0;
		};
/* End PBXSourcesBuildPhase section */

/* Begin PBXVariantGroup section */
		14977E432A68DAC30013258A /* Main.storyboard */ = {
			isa = PBXVariantGroup;
			children = (
				14977E442A68DAC30013258A /* Base */,
			);
			name = Main.storyboard;
			sourceTree = "<group>";
		};
		14977E482A68DAC50013258A /* LaunchScreen.storyboard */ = {
			isa = PBXVariantGroup;
			children = (
				14977E492A68DAC50013258A /* Base */,
			);
			name = LaunchScreen.storyboard;
			sourceTree = "<group>";
		};
/* End PBXVariantGroup section */

/* Begin XCBuildConfiguration section */
		14977E4C2A68DAC50013258A /* Debug */ = {
			isa = XCBuildConfiguration;
			buildSettings = {
				ALWAYS_SEARCH_USER_PATHS = NO;
				CLANG_ANALYZER_NONNULL = YES;
				CLANG_ANALYZER_NUMBER_OBJECT_CONVERSION = YES_AGGRESSIVE;
				CLANG_CXX_LANGUAGE_STANDARD = "gnu++20";
				CLANG_ENABLE_MODULES = YES;
				CLANG_ENABLE_OBJC_ARC = YES;
				CLANG_ENABLE_OBJC_WEAK = YES;
				CLANG_WARN_BLOCK_CAPTURE_AUTORELEASING = YES;
				CLANG_WARN_BOOL_CONVERSION = YES;
				CLANG_WARN_COMMA = YES;
				CLANG_WARN_CONSTANT_CONVERSION = YES;
				CLANG_WARN_DEPRECATED_OBJC_IMPLEMENTATIONS = YES;
				CLANG_WARN_DIRECT_OBJC_ISA_USAGE = YES_ERROR;
				CLANG_WARN_DOCUMENTATION_COMMENTS = YES;
				CLANG_WARN_EMPTY_BODY = YES;
				CLANG_WARN_ENUM_CONVERSION = YES;
				CLANG_WARN_INFINITE_RECURSION = YES;
				CLANG_WARN_INT_CONVERSION = YES;
				CLANG_WARN_NON_LITERAL_NULL_CONVERSION = YES;
				CLANG_WARN_OBJC_IMPLICIT_RETAIN_SELF = YES;
				CLANG_WARN_OBJC_LITERAL_CONVERSION = YES;
				CLANG_WARN_OBJC_ROOT_CLASS = YES_ERROR;
				CLANG_WARN_QUOTED_INCLUDE_IN_FRAMEWORK_HEADER = YES;
				CLANG_WARN_RANGE_LOOP_ANALYSIS = YES;
				CLANG_WARN_STRICT_PROTOTYPES = YES;
				CLANG_WARN_SUSPICIOUS_MOVE = YES;
				CLANG_WARN_UNGUARDED_AVAILABILITY = YES_AGGRESSIVE;
				CLANG_WARN_UNREACHABLE_CODE = YES;
				CLANG_WARN__DUPLICATE_METHOD_MATCH = YES;
				COPY_PHASE_STRIP = NO;
				DEBUG_INFORMATION_FORMAT = dwarf;
				ENABLE_STRICT_OBJC_MSGSEND = YES;
				ENABLE_TESTABILITY = YES;
				GCC_C_LANGUAGE_STANDARD = gnu11;
				GCC_DYNAMIC_NO_PIC = NO;
				GCC_NO_COMMON_BLOCKS = YES;
				GCC_OPTIMIZATION_LEVEL = 0;
				GCC_PREPROCESSOR_DEFINITIONS = (
					"DEBUG=1",
					"$(inherited)",
				);
				GCC_WARN_64_TO_32_BIT_CONVERSION = YES;
				GCC_WARN_ABOUT_RETURN_TYPE = YES_ERROR;
				GCC_WARN_UNDECLARED_SELECTOR = YES;
				GCC_WARN_UNINITIALIZED_AUTOS = YES_AGGRESSIVE;
				GCC_WARN_UNUSED_FUNCTION = YES;
				GCC_WARN_UNUSED_VARIABLE = YES;
				IPHONEOS_DEPLOYMENT_TARGET = 16.4;
				MTL_ENABLE_DEBUG_INFO = INCLUDE_SOURCE;
				MTL_FAST_MATH = YES;
				ONLY_ACTIVE_ARCH = YES;
				SDKROOT = iphoneos;
				SWIFT_ACTIVE_COMPILATION_CONDITIONS = DEBUG;
				SWIFT_OPTIMIZATION_LEVEL = "-Onone";
			};
			name = Debug;
		};
		14977E4D2A68DAC50013258A /* Release */ = {
			isa = XCBuildConfiguration;
			buildSettings = {
				ALWAYS_SEARCH_USER_PATHS = NO;
				CLANG_ANALYZER_NONNULL = YES;
				CLANG_ANALYZER_NUMBER_OBJECT_CONVERSION = YES_AGGRESSIVE;
				CLANG_CXX_LANGUAGE_STANDARD = "gnu++20";
				CLANG_ENABLE_MODULES = YES;
				CLANG_ENABLE_OBJC_ARC = YES;
				CLANG_ENABLE_OBJC_WEAK = YES;
				CLANG_WARN_BLOCK_CAPTURE_AUTORELEASING = YES;
				CLANG_WARN_BOOL_CONVERSION = YES;
				CLANG_WARN_COMMA = YES;
				CLANG_WARN_CONSTANT_CONVERSION = YES;
				CLANG_WARN_DEPRECATED_OBJC_IMPLEMENTATIONS = YES;
				CLANG_WARN_DIRECT_OBJC_ISA_USAGE = YES_ERROR;
				CLANG_WARN_DOCUMENTATION_COMMENTS = YES;
				CLANG_WARN_EMPTY_BODY = YES;
				CLANG_WARN_ENUM_CONVERSION = YES;
				CLANG_WARN_INFINITE_RECURSION = YES;
				CLANG_WARN_INT_CONVERSION = YES;
				CLANG_WARN_NON_LITERAL_NULL_CONVERSION = YES;
				CLANG_WARN_OBJC_IMPLICIT_RETAIN_SELF = YES;
				CLANG_WARN_OBJC_LITERAL_CONVERSION = YES;
				CLANG_WARN_OBJC_ROOT_CLASS = YES_ERROR;
				CLANG_WARN_QUOTED_INCLUDE_IN_FRAMEWORK_HEADER = YES;
				CLANG_WARN_RANGE_LOOP_ANALYSIS = YES;
				CLANG_WARN_STRICT_PROTOTYPES = YES;
				CLANG_WARN_SUSPICIOUS_MOVE = YES;
				CLANG_WARN_UNGUARDED_AVAILABILITY = YES_AGGRESSIVE;
				CLANG_WARN_UNREACHABLE_CODE = YES;
				CLANG_WARN__DUPLICATE_METHOD_MATCH = YES;
				COPY_PHASE_STRIP = NO;
				DEBUG_INFORMATION_FORMAT = "dwarf-with-dsym";
				ENABLE_NS_ASSERTIONS = NO;
				ENABLE_STRICT_OBJC_MSGSEND = YES;
				GCC_C_LANGUAGE_STANDARD = gnu11;
				GCC_NO_COMMON_BLOCKS = YES;
				GCC_WARN_64_TO_32_BIT_CONVERSION = YES;
				GCC_WARN_ABOUT_RETURN_TYPE = YES_ERROR;
				GCC_WARN_UNDECLARED_SELECTOR = YES;
				GCC_WARN_UNINITIALIZED_AUTOS = YES_AGGRESSIVE;
				GCC_WARN_UNUSED_FUNCTION = YES;
				GCC_WARN_UNUSED_VARIABLE = YES;
				IPHONEOS_DEPLOYMENT_TARGET = 16.4;
				MTL_ENABLE_DEBUG_INFO = NO;
				MTL_FAST_MATH = YES;
				SDKROOT = iphoneos;
				SWIFT_COMPILATION_MODE = wholemodule;
				SWIFT_OPTIMIZATION_LEVEL = "-O";
				VALIDATE_PRODUCT = YES;
			};
			name = Release;
		};
		14977E4F2A68DAC50013258A /* Debug */ = {
			isa = XCBuildConfiguration;
			buildSettings = {
				ASSETCATALOG_COMPILER_APPICON_NAME = AppIcon;
				ASSETCATALOG_COMPILER_GLOBAL_ACCENT_COLOR_NAME = AccentColor;
				CODE_SIGN_STYLE = Automatic;
				CURRENT_PROJECT_VERSION = 1;
				DEVELOPMENT_TEAM = DD66GTY4AT;
				GENERATE_INFOPLIST_FILE = YES;
				INFOPLIST_FILE = NewlyCoinedWord/Info.plist;
				INFOPLIST_KEY_UIApplicationSupportsIndirectInputEvents = YES;
				INFOPLIST_KEY_UILaunchStoryboardName = LaunchScreen;
				INFOPLIST_KEY_UIMainStoryboardFile = Main;
				INFOPLIST_KEY_UISupportedInterfaceOrientations_iPad = "UIInterfaceOrientationPortrait UIInterfaceOrientationPortraitUpsideDown UIInterfaceOrientationLandscapeLeft UIInterfaceOrientationLandscapeRight";
				INFOPLIST_KEY_UISupportedInterfaceOrientations_iPhone = "UIInterfaceOrientationPortrait UIInterfaceOrientationLandscapeLeft UIInterfaceOrientationLandscapeRight";
				IPHONEOS_DEPLOYMENT_TARGET = 13.4;
				LD_RUNPATH_SEARCH_PATHS = (
					"$(inherited)",
					"@executable_path/Frameworks",
				);
				MARKETING_VERSION = 1.0;
				PRODUCT_BUNDLE_IDENTIFIER = com.raehoon.NewlyCoinedWord;
				PRODUCT_NAME = "$(TARGET_NAME)";
				SWIFT_EMIT_LOC_STRINGS = YES;
				SWIFT_VERSION = 5.0;
				TARGETED_DEVICE_FAMILY = "1,2";
			};
			name = Debug;
		};
		14977E502A68DAC50013258A /* Release */ = {
			isa = XCBuildConfiguration;
			buildSettings = {
				ASSETCATALOG_COMPILER_APPICON_NAME = AppIcon;
				ASSETCATALOG_COMPILER_GLOBAL_ACCENT_COLOR_NAME = AccentColor;
				CODE_SIGN_STYLE = Automatic;
				CURRENT_PROJECT_VERSION = 1;
				DEVELOPMENT_TEAM = DD66GTY4AT;
				GENERATE_INFOPLIST_FILE = YES;
				INFOPLIST_FILE = NewlyCoinedWord/Info.plist;
				INFOPLIST_KEY_UIApplicationSupportsIndirectInputEvents = YES;
				INFOPLIST_KEY_UILaunchStoryboardName = LaunchScreen;
				INFOPLIST_KEY_UIMainStoryboardFile = Main;
				INFOPLIST_KEY_UISupportedInterfaceOrientations_iPad = "UIInterfaceOrientationPortrait UIInterfaceOrientationPortraitUpsideDown UIInterfaceOrientationLandscapeLeft UIInterfaceOrientationLandscapeRight";
				INFOPLIST_KEY_UISupportedInterfaceOrientations_iPhone = "UIInterfaceOrientationPortrait UIInterfaceOrientationLandscapeLeft UIInterfaceOrientationLandscapeRight";
				IPHONEOS_DEPLOYMENT_TARGET = 13.4;
				LD_RUNPATH_SEARCH_PATHS = (
					"$(inherited)",
					"@executable_path/Frameworks",
				);
				MARKETING_VERSION = 1.0;
				PRODUCT_BUNDLE_IDENTIFIER = com.raehoon.NewlyCoinedWord;
				PRODUCT_NAME = "$(TARGET_NAME)";
				SWIFT_EMIT_LOC_STRINGS = YES;
				SWIFT_VERSION = 5.0;
				TARGETED_DEVICE_FAMILY = "1,2";
			};
			name = Release;
		};
/* End XCBuildConfiguration section */

/* Begin XCConfigurationList section */
		14977E352A68DAC30013258A /* Build configuration list for PBXProject "NewlyCoinedWord" */ = {
			isa = XCConfigurationList;
			buildConfigurations = (
				14977E4C2A68DAC50013258A /* Debug */,
				14977E4D2A68DAC50013258A /* Release */,
			);
			defaultConfigurationIsVisible = 0;
			defaultConfigurationName = Release;
		};
		14977E4E2A68DAC50013258A /* Build configuration list for PBXNativeTarget "NewlyCoinedWord" */ = {
			isa = XCConfigurationList;
			buildConfigurations = (
				14977E4F2A68DAC50013258A /* Debug */,
				14977E502A68DAC50013258A /* Release */,
			);
			defaultConfigurationIsVisible = 0;
			defaultConfigurationName = Release;
		};
/* End XCConfigurationList section */
	};
	rootObject = 14977E322A68DAC30013258A /* Project object */;
}
